lockfileVersion: '6.0'

settings:
  autoInstallPeers: true
  excludeLinksFromLockfile: false

importers:

  .:
    dependencies:
      '@zngly/lexical-playground':
        specifier: workspace:*
        version: link:packages/lexical-playground
      react:
        specifier: ^18.3.1
        version: 18.3.1
      react-dom:
        specifier: ^18.3.1
        version: 18.3.1(react@18.3.1)
    devDependencies:
      '@biomejs/biome':
        specifier: 1.7.3
        version: 1.7.3
      '@rsbuild/core':
        specifier: ^0.6.15
        version: 0.6.15
      '@rsbuild/plugin-react':
        specifier: ^0.6.15
        version: 0.6.15(@rsbuild/core@0.6.15)
      '@types/react':
        specifier: ^18.3.2
        version: 18.3.2
      '@types/react-dom':
        specifier: ^18.3.0
        version: 18.3.0
      typescript:
        specifier: ^5.4.2
        version: 5.4.5

  packages/lexical-playground:
    dependencies:
      '@excalidraw/excalidraw':
        specifier: ^0.17.0
        version: 0.17.6(react-dom@18.3.1)(react@18.3.1)
      '@lexical/clipboard':
        specifier: ^0.15.0
        version: 0.15.0
      '@lexical/code':
        specifier: ^0.15.0
        version: 0.15.0
      '@lexical/file':
        specifier: ^0.15.0
        version: 0.15.0
      '@lexical/hashtag':
        specifier: ^0.15.0
        version: 0.15.0
      '@lexical/link':
        specifier: ^0.15.0
        version: 0.15.0
      '@lexical/list':
        specifier: ^0.15.0
        version: 0.15.0
      '@lexical/mark':
        specifier: ^0.15.0
        version: 0.15.0
      '@lexical/markdown':
        specifier: ^0.15.0
        version: 0.15.0
      '@lexical/overflow':
        specifier: ^0.15.0
        version: 0.15.0
      '@lexical/plain-text':
        specifier: ^0.15.0
        version: 0.15.0
      '@lexical/react':
        specifier: ^0.15.0
        version: 0.15.0(react-dom@18.3.1)(react@18.3.1)(yjs@13.6.15)
      '@lexical/rich-text':
        specifier: ^0.15.0
        version: 0.15.0
      '@lexical/selection':
        specifier: ^0.15.0
        version: 0.15.0
      '@lexical/table':
        specifier: ^0.15.0
        version: 0.15.0
      '@lexical/text':
        specifier: ^0.15.0
        version: 0.15.0
      '@lexical/utils':
        specifier: ^0.15.0
        version: 0.15.0
      '@lexical/yjs':
        specifier: ^0.15.0
        version: 0.15.0(yjs@13.6.15)
      katex:
        specifier: ^0.15.2
        version: 0.15.6
      lexical:
        specifier: ^0.15.0
        version: 0.15.0
      lodash-es:
        specifier: ^4.17.21
        version: 4.17.21
      prettier:
        specifier: ^2.3.2
        version: 2.8.8
      react-error-boundary:
        specifier: ^3.1.4
        version: 3.1.4(react@18.3.1)
      y-websocket:
        specifier: ^1.5.4
        version: 1.5.4(yjs@13.6.15)
      yjs:
        specifier: '>=13.5.42'
        version: 13.6.15

packages:

  /@babel/runtime@7.24.5:
    resolution: {integrity: sha512-Nms86NXrsaeU9vbBJKni6gXiEXZ4CVpYVzEjDH9Sb8vmZ3UljyA1GSOJl/6LGPO8EHLuSF9H+IxNXHPX8QHJ4g==}
    engines: {node: '>=6.9.0'}
    dependencies:
      regenerator-runtime: 0.14.1
    dev: false

  /@biomejs/biome@1.7.3:
    resolution: {integrity: sha512-ogFQI+fpXftr+tiahA6bIXwZ7CSikygASdqMtH07J2cUzrpjyTMVc9Y97v23c7/tL1xCZhM+W9k4hYIBm7Q6cQ==}
    engines: {node: '>=14.21.3'}
    hasBin: true
    requiresBuild: true
    optionalDependencies:
      '@biomejs/cli-darwin-arm64': 1.7.3
      '@biomejs/cli-darwin-x64': 1.7.3
      '@biomejs/cli-linux-arm64': 1.7.3
      '@biomejs/cli-linux-arm64-musl': 1.7.3
      '@biomejs/cli-linux-x64': 1.7.3
      '@biomejs/cli-linux-x64-musl': 1.7.3
      '@biomejs/cli-win32-arm64': 1.7.3
      '@biomejs/cli-win32-x64': 1.7.3
    dev: true

  /@biomejs/cli-darwin-arm64@1.7.3:
    resolution: {integrity: sha512-eDvLQWmGRqrPIRY7AIrkPHkQ3visEItJKkPYSHCscSDdGvKzYjmBJwG1Gu8+QC5ed6R7eiU63LEC0APFBobmfQ==}
    engines: {node: '>=14.21.3'}
    cpu: [arm64]
    os: [darwin]
    requiresBuild: true
    dev: true
    optional: true

  /@biomejs/cli-darwin-x64@1.7.3:
    resolution: {integrity: sha512-JXCaIseKRER7dIURsVlAJacnm8SG5I0RpxZ4ya3dudASYUc68WGl4+FEN03ABY3KMIq7hcK1tzsJiWlmXyosZg==}
    engines: {node: '>=14.21.3'}
    cpu: [x64]
    os: [darwin]
    requiresBuild: true
    dev: true
    optional: true

  /@biomejs/cli-linux-arm64-musl@1.7.3:
    resolution: {integrity: sha512-c8AlO45PNFZ1BYcwaKzdt46kYbuP6xPGuGQ6h4j3XiEDpyseRRUy/h+6gxj07XovmyxKnSX9GSZ6nVbZvcVUAw==}
    engines: {node: '>=14.21.3'}
    cpu: [arm64]
    os: [linux]
    requiresBuild: true
    dev: true
    optional: true

  /@biomejs/cli-linux-arm64@1.7.3:
    resolution: {integrity: sha512-phNTBpo7joDFastnmZsFjYcDYobLTx4qR4oPvc9tJ486Bd1SfEVPHEvJdNJrMwUQK56T+TRClOQd/8X1nnjA9w==}
    engines: {node: '>=14.21.3'}
    cpu: [arm64]
    os: [linux]
    requiresBuild: true
    dev: true
    optional: true

  /@biomejs/cli-linux-x64-musl@1.7.3:
    resolution: {integrity: sha512-UdEHKtYGWEX3eDmVWvQeT+z05T9/Sdt2+F/7zmMOFQ7boANeX8pcO6EkJPK3wxMudrApsNEKT26rzqK6sZRTRA==}
    engines: {node: '>=14.21.3'}
    cpu: [x64]
    os: [linux]
    requiresBuild: true
    dev: true
    optional: true

  /@biomejs/cli-linux-x64@1.7.3:
    resolution: {integrity: sha512-vnedYcd5p4keT3iD48oSKjOIRPYcjSNNbd8MO1bKo9ajg3GwQXZLAH+0Cvlr+eMsO67/HddWmscSQwTFrC/uPA==}
    engines: {node: '>=14.21.3'}
    cpu: [x64]
    os: [linux]
    requiresBuild: true
    dev: true
    optional: true

  /@biomejs/cli-win32-arm64@1.7.3:
    resolution: {integrity: sha512-unNCDqUKjujYkkSxs7gFIfdasttbDC4+z0kYmcqzRk6yWVoQBL4dNLcCbdnJS+qvVDNdI9rHp2NwpQ0WAdla4Q==}
    engines: {node: '>=14.21.3'}
    cpu: [arm64]
    os: [win32]
    requiresBuild: true
    dev: true
    optional: true

  /@biomejs/cli-win32-x64@1.7.3:
    resolution: {integrity: sha512-ZmByhbrnmz/UUFYB622CECwhKIPjJLLPr5zr3edhu04LzbfcOrz16VYeNq5dpO1ADG70FORhAJkaIGdaVBG00w==}
    engines: {node: '>=14.21.3'}
    cpu: [x64]
    os: [win32]
    requiresBuild: true
    dev: true
    optional: true

  /@excalidraw/excalidraw@0.17.6(react-dom@18.3.1)(react@18.3.1):
    resolution: {integrity: sha512-fyCl+zG/Z5yhHDh5Fq2ZGmphcrALmuOdtITm8gN4d8w4ntnaopTXcTfnAAaU3VleDC6LhTkoLOTG6P5kgREiIg==}
    peerDependencies:
      react: ^17.0.2 || ^18.2.0
      react-dom: ^17.0.2 || ^18.2.0
    dependencies:
      react: 18.3.1
      react-dom: 18.3.1(react@18.3.1)
    dev: false

  /@lexical/clipboard@0.15.0:
    resolution: {integrity: sha512-binCltK7KiURQJFogvueYfmDNEKynN/lmZrCLFp2xBjEIajqw4WtOVLJZ33engdqNlvj0JqrxrWxbKG+yvUwrg==}
    dependencies:
      '@lexical/html': 0.15.0
      '@lexical/list': 0.15.0
      '@lexical/selection': 0.15.0
      '@lexical/utils': 0.15.0
      lexical: 0.15.0
    dev: false

  /@lexical/code@0.15.0:
    resolution: {integrity: sha512-n185gjinGhz/M4BW1ayNPYAEgwW4T/NEFl2Wey/O+07W3zvh9k9ai7RjWd0c8Qzqc4DLlqvibvWPebWObQHA4w==}
    dependencies:
      '@lexical/utils': 0.15.0
      lexical: 0.15.0
      prismjs: 1.29.0
    dev: false

  /@lexical/devtools-core@0.15.0(react-dom@18.3.1)(react@18.3.1):
    resolution: {integrity: sha512-kK/IVEiQyqs2DsY4QRYFaFiKQMpaAukAl8PXmNeGTZ7cfFVsP29E4n0/pjY+oxmiRvxbO1s2i14q58nfuhj4VQ==}
    peerDependencies:
      react: '>=17.x'
      react-dom: '>=17.x'
    dependencies:
      '@lexical/html': 0.15.0
      '@lexical/link': 0.15.0
      '@lexical/mark': 0.15.0
      '@lexical/table': 0.15.0
      '@lexical/utils': 0.15.0
      lexical: 0.15.0
      react: 18.3.1
      react-dom: 18.3.1(react@18.3.1)
    dev: false

  /@lexical/dragon@0.15.0:
    resolution: {integrity: sha512-hg2rGmxVJF7wmN6psuKw3EyhcNF7DtOYwUCBpjFZVshzAjsNEBfEnqhiMkSVSlN4+WOfM7LS+B88PTKPcnFGbQ==}
    dependencies:
      lexical: 0.15.0
    dev: false

  /@lexical/file@0.15.0:
    resolution: {integrity: sha512-Xr7ucp5qrFFIT53TwCIO68xASJHk12NqW6r63UoMtaYYMLdNW2MoDGot6To+G5lQHBuB/VkjfpqA62J2di2mwA==}
    dependencies:
      lexical: 0.15.0
    dev: false

  /@lexical/hashtag@0.15.0:
    resolution: {integrity: sha512-EP6KKvS6BY/8Vh1MLQYeOcYaxnvrLsUkvXXr+Fg8N477Us54Ju69pPO563mbWt7/bpnL9Sh0fbk82JtxqPWpSg==}
    dependencies:
      '@lexical/utils': 0.15.0
      lexical: 0.15.0
    dev: false

  /@lexical/history@0.15.0:
    resolution: {integrity: sha512-r+pzR2k/51AL6l8UfXeVe/GWPIeWY1kEOuKx9nsYB9tmAkTF66tTFz33DJIMWBVtAHWN7Dcdv0/yy6q8R6CAUQ==}
    dependencies:
      '@lexical/utils': 0.15.0
      lexical: 0.15.0
    dev: false

  /@lexical/html@0.15.0:
    resolution: {integrity: sha512-x/sfGvibwo8b5Vso4ppqNyS/fVve6Rn+TmvP/0eWOaa0I3aOQ57ulfcK6p/GTe+ZaEi8vW64oZPdi8XDgwSRaA==}
    dependencies:
      '@lexical/selection': 0.15.0
      '@lexical/utils': 0.15.0
      lexical: 0.15.0
    dev: false

  /@lexical/link@0.15.0:
    resolution: {integrity: sha512-KBV/zWk5FxqZGNcq3IKGBDCcS4t0uteU1osAIG+pefo4waTkOOgibxxEJDop2QR5wtjkYva3Qp0D8ZyJDMMMlw==}
    dependencies:
      '@lexical/utils': 0.15.0
      lexical: 0.15.0
    dev: false

  /@lexical/list@0.15.0:
    resolution: {integrity: sha512-JuF4k7uo4rZFOSZGrmkxo1+sUrwTKNBhhJAiCgtM+6TO90jppxzCFNKur81yPzF1+g4GWLC9gbjzKb52QPb6cQ==}
    dependencies:
      '@lexical/utils': 0.15.0
      lexical: 0.15.0
    dev: false

  /@lexical/mark@0.15.0:
    resolution: {integrity: sha512-cdePA98sOJRc4/HHqcOcPBFq4UDwzaFJOK1N1E6XUGcXH1GU8zHtV1ElTgmbsGkyjBRwhR+OqKm9eso1PBOUkg==}
    dependencies:
      '@lexical/utils': 0.15.0
      lexical: 0.15.0
    dev: false

  /@lexical/markdown@0.15.0:
    resolution: {integrity: sha512-wu1EP758l452BovDa7i9ZAeWuFj+YY0bc2mNc08nfZ9GqdGMej1JIguY4CwIROCYVizprL9Ocn0avH1uv9b8fA==}
    dependencies:
      '@lexical/code': 0.15.0
      '@lexical/link': 0.15.0
      '@lexical/list': 0.15.0
      '@lexical/rich-text': 0.15.0
      '@lexical/text': 0.15.0
      '@lexical/utils': 0.15.0
      lexical: 0.15.0
    dev: false

  /@lexical/offset@0.15.0:
    resolution: {integrity: sha512-VO1f3m8+RRdRjuXMtCBhi1COVKRC2LhP8AFYxnFlvbV+Waz9R5xB9pqFFUe4RtyqyTLmOUj6+LtsUFhq+23voQ==}
    dependencies:
      lexical: 0.15.0
    dev: false

  /@lexical/overflow@0.15.0:
    resolution: {integrity: sha512-9qKVCvh9Oka+bzR3th+UWdTEeMZXYy1ZxWbjSxefRMgQxzCvqSuVioK/065gPbvGga9EfvgLLLBDXZm8ISbJQA==}
    dependencies:
      lexical: 0.15.0
    dev: false

  /@lexical/plain-text@0.15.0:
    resolution: {integrity: sha512-yeK466mXb4xaCCJouGzEHQs59fScHxF8Asq0azNyJmkhQWYrU7WdckHf2xj8ItZFFPyj7lvwKRDYnoy4HQD7Mg==}
    dependencies:
      '@lexical/clipboard': 0.15.0
      '@lexical/selection': 0.15.0
      '@lexical/utils': 0.15.0
      lexical: 0.15.0
    dev: false

  /@lexical/react@0.15.0(react-dom@18.3.1)(react@18.3.1)(yjs@13.6.15):
    resolution: {integrity: sha512-TWDp/F9cKwjGreLzIdHKlPUeTn275rR6j1VXrBffNwC5ovxWcKLVRg502eY5xvRQH3lkKQpFgIFbJW4KTvhFsQ==}
    peerDependencies:
      react: '>=17.x'
      react-dom: '>=17.x'
    dependencies:
      '@lexical/clipboard': 0.15.0
      '@lexical/code': 0.15.0
      '@lexical/devtools-core': 0.15.0(react-dom@18.3.1)(react@18.3.1)
      '@lexical/dragon': 0.15.0
      '@lexical/hashtag': 0.15.0
      '@lexical/history': 0.15.0
      '@lexical/link': 0.15.0
      '@lexical/list': 0.15.0
      '@lexical/mark': 0.15.0
      '@lexical/markdown': 0.15.0
      '@lexical/overflow': 0.15.0
      '@lexical/plain-text': 0.15.0
      '@lexical/rich-text': 0.15.0
      '@lexical/selection': 0.15.0
      '@lexical/table': 0.15.0
      '@lexical/text': 0.15.0
      '@lexical/utils': 0.15.0
      '@lexical/yjs': 0.15.0(yjs@13.6.15)
      lexical: 0.15.0
      react: 18.3.1
      react-dom: 18.3.1(react@18.3.1)
      react-error-boundary: 3.1.4(react@18.3.1)
    transitivePeerDependencies:
      - yjs
    dev: false

  /@lexical/rich-text@0.15.0:
    resolution: {integrity: sha512-76tXh/eeEOHl91HpFEXCc/tUiLrsa9RcSyvCzRZahk5zqYvQPXma/AUfRzuSMf2kLwDEoauKAVqNFQcbPhqwpQ==}
    dependencies:
      '@lexical/clipboard': 0.15.0
      '@lexical/selection': 0.15.0
      '@lexical/utils': 0.15.0
      lexical: 0.15.0
    dev: false

  /@lexical/selection@0.15.0:
    resolution: {integrity: sha512-S+AQC6eJiQYSa5zOPuecN85prCT0Bcb8miOdJaE17Zh+vgdUH5gk9I0tEBeG5T7tkSpq6lFiEqs2FZSfaHflbQ==}
    dependencies:
      lexical: 0.15.0
    dev: false

  /@lexical/table@0.15.0:
    resolution: {integrity: sha512-3IRBg8IoIHetqKozRQbJQ2aPyG0ziXZ+lc8TOIAGs6METW/wxntaV+rTNrODanKAgvk2iJTIyfFkYjsqS9+VFg==}
    dependencies:
      '@lexical/utils': 0.15.0
      lexical: 0.15.0
    dev: false

  /@lexical/text@0.15.0:
    resolution: {integrity: sha512-WsAkAt9T1RH1iDrVuWeoRUeMCOAWar5oSFtnQ4m9vhT/zuf5b8efK87GiqCH00ZAn4DGzOuAfyXlMFqBVCQdkQ==}
    dependencies:
      lexical: 0.15.0
    dev: false

  /@lexical/utils@0.15.0:
    resolution: {integrity: sha512-/6954LDmTcVFgexhy5WOZDa4TxNQOEZNrf8z7TRAFiAQkihcME/GRoq1en5cbXoVNF8jv5AvNyyc7x0MByRJ6A==}
    dependencies:
      '@lexical/list': 0.15.0
      '@lexical/selection': 0.15.0
      '@lexical/table': 0.15.0
      lexical: 0.15.0
    dev: false

  /@lexical/yjs@0.15.0(yjs@13.6.15):
    resolution: {integrity: sha512-Rf4AIu620Cq90li6GU58gkzlGRdntHP4ZeZrbJ3ToW7vEEnkW6Wl9/HhO647GG4OL5w46M0iWvx1b1b8xjYT1w==}
    peerDependencies:
      yjs: '>=13.5.22'
    dependencies:
      '@lexical/offset': 0.15.0
      lexical: 0.15.0
      yjs: 13.6.15
    dev: false

  /@module-federation/runtime-tools@0.1.6:
    resolution: {integrity: sha512-7ILVnzMIa0Dlc0Blck5tVZG1tnk1MmLnuZpLOMpbdW+zl+N6wdMjjHMjEZFCUAJh2E5XJ3BREwfX8Ets0nIkLg==}
    dependencies:
      '@module-federation/runtime': 0.1.6
      '@module-federation/webpack-bundler-runtime': 0.1.6
    dev: true

  /@module-federation/runtime@0.1.6:
    resolution: {integrity: sha512-nj6a+yJ+QxmcE89qmrTl4lphBIoAds0PFPVGnqLRWflwAP88jrCcrrTqRhARegkFDL+wE9AE04+h6jzlbIfMKg==}
    dependencies:
      '@module-federation/sdk': 0.1.6
    dev: true

  /@module-federation/sdk@0.1.6:
    resolution: {integrity: sha512-qifXpyYLM7abUeEOIfv0oTkguZgRZuwh89YOAYIZJlkP6QbRG7DJMQvtM8X2yHXm9PTk0IYNnOJH0vNQCo6auQ==}
    dev: true

  /@module-federation/webpack-bundler-runtime@0.1.6:
    resolution: {integrity: sha512-K5WhKZ4RVNaMEtfHsd/9CNCgGKB0ipbm/tgweNNeC11mEuBTNxJ09Y630vg3WPkKv9vfMCuXg2p2Dk+Q/KWTSA==}
    dependencies:
      '@module-federation/runtime': 0.1.6
      '@module-federation/sdk': 0.1.6
    dev: true

  /@rsbuild/core@0.6.15:
    resolution: {integrity: sha512-wT9gyfRHyXJamR6fvlWzOpWGmI+2w+LMNIvAItY6AjCIT1zgfK0OOkChR4KGTTOWj68b/t0BnuBy1b2PV3DLyw==}
    engines: {node: '>=16.0.0'}
    hasBin: true
    dependencies:
      '@rsbuild/shared': 0.6.15(@swc/helpers@0.5.3)
      '@rspack/core': 0.6.5(@swc/helpers@0.5.3)
      '@swc/helpers': 0.5.3
      core-js: 3.36.1
      html-webpack-plugin: /html-rspack-plugin@5.7.2(@rspack/core@0.6.5)
      postcss: 8.4.38
    dev: true

  /@rsbuild/plugin-react@0.6.15(@rsbuild/core@0.6.15):
    resolution: {integrity: sha512-ZLFF5qYgQPKbJ5IL85XayadryxnHoaLUUjd2ewf/d/TRUh2NiWyZGaNzRytbmhaxI0WW8RUkZdy5aX3xyiZbTA==}
    peerDependencies:
      '@rsbuild/core': ^0.6.15
    dependencies:
      '@rsbuild/core': 0.6.15
      '@rsbuild/shared': 0.6.15(@swc/helpers@0.5.3)
      '@rspack/plugin-react-refresh': 0.6.5(react-refresh@0.14.2)
      react-refresh: 0.14.2
    transitivePeerDependencies:
      - '@swc/helpers'
    dev: true

  /@rsbuild/shared@0.6.15(@swc/helpers@0.5.3):
    resolution: {integrity: sha512-siBYUQL3qVINLDkIBaxx4caNb+zZ+Jb8WtN2RgRT5buLW+PU5fXUs5vGwjFz6B6wCxO/vLr78X/FjaCmxMv8HA==}
    dependencies:
      '@rspack/core': 0.6.5(@swc/helpers@0.5.3)
      caniuse-lite: 1.0.30001621
      postcss: 8.4.38
    optionalDependencies:
      fsevents: 2.3.3
    transitivePeerDependencies:
      - '@swc/helpers'
    dev: true

  /@rspack/binding-darwin-arm64@0.6.5:
    resolution: {integrity: sha512-5Zbs3buzF80MZoWnnpm/ZqQ2ZLKWjmmy94gDMeJhG39lKcpK2J2NyDXVis2ZSg7uUvKyJ662BEgIE1AnTWjnYg==}
    cpu: [arm64]
    os: [darwin]
    requiresBuild: true
    dev: true
    optional: true

  /@rspack/binding-darwin-x64@0.6.5:
    resolution: {integrity: sha512-oA1R0OF8r7y8+oLynnZC9EgysLoOBuu1yYG90gHmrkdzRjjmYe4auNhuSLLqF+WOqXw/zGSujiUbnVMjLEWIBg==}
    cpu: [x64]
    os: [darwin]
    requiresBuild: true
    dev: true
    optional: true

  /@rspack/binding-linux-arm64-gnu@0.6.5:
    resolution: {integrity: sha512-xK2Ji9yCJSZE5HSRBS7R67HPahYd0WR16NefycrkmIEDR28B2T5CnvbqyNivnu7Coy1haHWisgfTV/NbjLd5fA==}
    cpu: [arm64]
    os: [linux]
    requiresBuild: true
    dev: true
    optional: true

  /@rspack/binding-linux-arm64-musl@0.6.5:
    resolution: {integrity: sha512-nPDUf6TkzJWxqi6gQQz+Ypd2BPDiufh0gd0yFExIZyguE93amVbzJEfKeCQdvHZL5W/9XaYJoDKSOuCwMdLhiQ==}
    cpu: [arm64]
    os: [linux]
    requiresBuild: true
    dev: true
    optional: true

  /@rspack/binding-linux-x64-gnu@0.6.5:
    resolution: {integrity: sha512-KT4GBPra7ge5oHSblfM74oRgW10MKdKhyJGEKFWqRezzul8i9SHElFzcE/w6qoOOLMgYPoVc/nybRqsJp9koZg==}
    cpu: [x64]
    os: [linux]
    requiresBuild: true
    dev: true
    optional: true

  /@rspack/binding-linux-x64-musl@0.6.5:
    resolution: {integrity: sha512-VnIzpFjzT4vkfUKPqyH4BiHJ6AMqtoeu7tychga2HpSudqCG8no4eIH2qRs9anGeuRkwb9x3uBC/1AIIiWSMsQ==}
    cpu: [x64]
    os: [linux]
    requiresBuild: true
    dev: true
    optional: true

  /@rspack/binding-win32-arm64-msvc@0.6.5:
    resolution: {integrity: sha512-V44hlcK7htG1pA/fHCc1XDGmItu7v8qQObssl/yGAn4+ZlvP6/pxPy8y5ZVwnR3NXTRzPezMvbnKGb4GxBphlw==}
    cpu: [arm64]
    os: [win32]
    requiresBuild: true
    dev: true
    optional: true

  /@rspack/binding-win32-ia32-msvc@0.6.5:
    resolution: {integrity: sha512-M4xrJDx5EcAtZ02R9Y4yJB5KVCUdQIbAF/1gDGrXZ5PQUujaNzsIdISUvNfxpfkqe0Shj6SKOTqWm8yte3ecrQ==}
    cpu: [ia32]
    os: [win32]
    requiresBuild: true
    dev: true
    optional: true

  /@rspack/binding-win32-x64-msvc@0.6.5:
    resolution: {integrity: sha512-aFcBygJsClx0FozVo7zMp9OUte7MlgyBpQGnS2MZgd0kSnuZTyaUcdRiWKehP5lrPPij/ZWNJbiz5O6VNzpg3w==}
    cpu: [x64]
    os: [win32]
    requiresBuild: true
    dev: true
    optional: true

  /@rspack/binding@0.6.5:
    resolution: {integrity: sha512-uHg6BYS9Uvs5Nxm0StpRX1eqx3I1SEPFhkCfh+HSbFS8ty11mKHjUZn1lYFxLBFypJ3DHtlTM3RZ4g7tmwohAQ==}
    optionalDependencies:
      '@rspack/binding-darwin-arm64': 0.6.5
      '@rspack/binding-darwin-x64': 0.6.5
      '@rspack/binding-linux-arm64-gnu': 0.6.5
      '@rspack/binding-linux-arm64-musl': 0.6.5
      '@rspack/binding-linux-x64-gnu': 0.6.5
      '@rspack/binding-linux-x64-musl': 0.6.5
      '@rspack/binding-win32-arm64-msvc': 0.6.5
      '@rspack/binding-win32-ia32-msvc': 0.6.5
      '@rspack/binding-win32-x64-msvc': 0.6.5
    dev: true

  /@rspack/core@0.6.5(@swc/helpers@0.5.3):
    resolution: {integrity: sha512-jm0YKUZQCetccdufBfpkfSHE7BOlirrn0UmXv9C+69g8ikl9Jf4Jfr31meDWX5Z3vwZlpdryA7fUH2cblUXoBw==}
    engines: {node: '>=16.0.0'}
    peerDependencies:
      '@swc/helpers': '>=0.5.1'
    peerDependenciesMeta:
      '@swc/helpers':
        optional: true
    dependencies:
      '@module-federation/runtime-tools': 0.1.6
      '@rspack/binding': 0.6.5
      '@swc/helpers': 0.5.3
      caniuse-lite: 1.0.30001621
      enhanced-resolve: 5.12.0
      tapable: 2.2.1
      webpack-sources: 3.2.3
    dev: true

  /@rspack/plugin-react-refresh@0.6.5(react-refresh@0.14.2):
    resolution: {integrity: sha512-H7V54qtdJvBQXSL209ep3cNoeDk8Ljid7+AGeJIXj5nu3ZIF4TYYDFeiyZtn7xCIgeyiYscuQZ0DKb/qXFYqog==}
    peerDependencies:
      react-refresh: '>=0.10.0 <1.0.0'
    peerDependenciesMeta:
      react-refresh:
        optional: true
    dependencies:
      react-refresh: 0.14.2
    dev: true

  /@swc/helpers@0.5.3:
    resolution: {integrity: sha512-FaruWX6KdudYloq1AHD/4nU+UsMTdNE8CKyrseXWEcgjDAbvkwJg2QGPAnfIJLIWsjZOSPLOAykK6fuYp4vp4A==}
    dependencies:
      tslib: 2.6.2
    dev: true

  /@types/prop-types@15.7.12:
    resolution: {integrity: sha512-5zvhXYtRNRluoE/jAp4GVsSduVUzNWKkOZrCDBWYtE7biZywwdC2AcEzg+cSMLFRfVgeAFqpfNabiPjxFddV1Q==}
    dev: true

  /@types/react-dom@18.3.0:
    resolution: {integrity: sha512-EhwApuTmMBmXuFOikhQLIBUn6uFg81SwLMOAUgodJF14SOBOCMdU04gDoYi0WOJJHD144TL32z4yDqCW3dnkQg==}
    dependencies:
      '@types/react': 18.3.2
    dev: true

  /@types/react@18.3.2:
    resolution: {integrity: sha512-Btgg89dAnqD4vV7R3hlwOxgqobUQKgx3MmrQRi0yYbs/P0ym8XozIAlkqVilPqHQwXs4e9Tf63rrCgl58BcO4w==}
    dependencies:
      '@types/prop-types': 15.7.12
      csstype: 3.1.3
    dev: true

  /abstract-leveldown@6.2.3:
    resolution: {integrity: sha512-BsLm5vFMRUrrLeCcRc+G0t2qOaTzpoJQLOubq2XM72eNpjF5UdU5o/5NvlNhx95XHcAvcl8OMXr4mlg/fRgUXQ==}
    engines: {node: '>=6'}
    requiresBuild: true
    dependencies:
      buffer: 5.7.1
      immediate: 3.3.0
      level-concat-iterator: 2.0.1
      level-supports: 1.0.1
      xtend: 4.0.2
    dev: false
    optional: true

  /abstract-leveldown@6.3.0:
    resolution: {integrity: sha512-TU5nlYgta8YrBMNpc9FwQzRbiXsj49gsALsXadbGHt9CROPzX5fB0rWDR5mtdpOOKa5XqRFpbj1QroPAoPzVjQ==}
    engines: {node: '>=6'}
    requiresBuild: true
    dependencies:
      buffer: 5.7.1
      immediate: 3.3.0
      level-concat-iterator: 2.0.1
      level-supports: 1.0.1
      xtend: 4.0.2
    dev: false
    optional: true

  /async-limiter@1.0.1:
    resolution: {integrity: sha512-csOlWGAcRFJaI6m+F2WKdnMKr4HhdhFVBk0H/QbJFMCr+uO2kwohwXQPxw/9OCxp05r5ghVBFSyioixx3gfkNQ==}
    requiresBuild: true
    dev: false
    optional: true

  /base64-js@1.5.1:
    resolution: {integrity: sha512-AKpaYlHn8t4SVbOHCy+b5+KKgvR4vrsD8vbvrbiQJps7fKDTkjkDry6ji0rUJjC0kzbNePLwzxq8iypo41qeWA==}
    requiresBuild: true
    dev: false
    optional: true

  /buffer@5.7.1:
    resolution: {integrity: sha512-EHcyIPBQ4BSGlvjB16k5KgAJ27CIsHY/2JBmCRReo48y9rQ3MaUzWX3KVlBa4U7MyX02HdVj0K7C3WaB3ju7FQ==}
    requiresBuild: true
    dependencies:
      base64-js: 1.5.1
      ieee754: 1.2.1
    dev: false
    optional: true

  /caniuse-lite@1.0.30001621:
    resolution: {integrity: sha512-+NLXZiviFFKX0fk8Piwv3PfLPGtRqJeq2TiNoUff/qB5KJgwecJTvCXDpmlyP/eCI/GUEmp/h/y5j0yckiiZrA==}
    dev: true

  /commander@8.3.0:
    resolution: {integrity: sha512-OkTL9umf+He2DZkUq8f8J9of7yL6RJKI24dVITBmNfZBmri9zYZQrKkuXiKhyfPSu8tUhnVBB1iKXevvnlR4Ww==}
    engines: {node: '>= 12'}
    dev: false

  /core-js@3.36.1:
    resolution: {integrity: sha512-BTvUrwxVBezj5SZ3f10ImnX2oRByMxql3EimVqMysepbC9EeMUOpLwdy6Eoili2x6E4kf+ZUB5k/+Jv55alPfA==}
    requiresBuild: true
    dev: true

  /csstype@3.1.3:
    resolution: {integrity: sha512-M1uQkMl8rQK/szD0LNhtqxIPLpimGm8sOBwU7lLnCpSbTyY3yeU1Vc7l4KT5zT4s/yOxHH5O7tIuuLOCnLADRw==}
    dev: true

  /deferred-leveldown@5.3.0:
    resolution: {integrity: sha512-a59VOT+oDy7vtAbLRCZwWgxu2BaCfd5Hk7wxJd48ei7I+nsg8Orlb9CLG0PMZienk9BSUKgeAqkO2+Lw+1+Ukw==}
    engines: {node: '>=6'}
    requiresBuild: true
    dependencies:
      abstract-leveldown: 6.2.3
      inherits: 2.0.4
    dev: false
    optional: true

  /encoding-down@6.3.0:
    resolution: {integrity: sha512-QKrV0iKR6MZVJV08QY0wp1e7vF6QbhnbQhb07bwpEyuz4uZiZgPlEGdkCROuFkUwdxlFaiPIhjyarH1ee/3vhw==}
    engines: {node: '>=6'}
    requiresBuild: true
    dependencies:
      abstract-leveldown: 6.3.0
      inherits: 2.0.4
      level-codec: 9.0.2
      level-errors: 2.0.1
    dev: false
    optional: true

  /enhanced-resolve@5.12.0:
    resolution: {integrity: sha512-QHTXI/sZQmko1cbDoNAa3mJ5qhWUUNAq3vR0/YiD379fWQrcfuoX1+HW2S0MTt7XmoPLapdaDKUtelUSPic7hQ==}
    engines: {node: '>=10.13.0'}
    dependencies:
      graceful-fs: 4.2.11
      tapable: 2.2.1
    dev: true

  /errno@0.1.8:
    resolution: {integrity: sha512-dJ6oBr5SQ1VSd9qkk7ByRgb/1SH4JZjCHSW/mr63/QcXO9zLVxvJ6Oy13nio03rxpSnVDDjFor75SjVeZWPW/A==}
    hasBin: true
    requiresBuild: true
    dependencies:
      prr: 1.0.1
    dev: false
    optional: true

  /fsevents@2.3.3:
    resolution: {integrity: sha512-5xoDfX+fL7faATnagmWPpbFtwh/R77WmMMqqHGS65C3vvB0YHrgF+B1YmZ3441tMj5n63k0212XNoJwzlhffQw==}
    engines: {node: ^8.16.0 || ^10.6.0 || >=11.0.0}
    os: [darwin]
    requiresBuild: true
    dev: true
    optional: true

  /graceful-fs@4.2.11:
    resolution: {integrity: sha512-RbJ5/jmFcNNCcDV5o9eTnBLJ/HszWV0P73bc+Ff4nS/rJj+YaS6IGyiOL0VoBYX+l1Wrl3k63h/KrH+nhJ0XvQ==}
    dev: true

  /html-rspack-plugin@5.7.2(@rspack/core@0.6.5):
    resolution: {integrity: sha512-uVXGYq19bcsX7Q/53VqXQjCKXw0eUMHlFGDLTaqzgj/ckverfhZQvXyA6ecFBaF9XUH16jfCTCyALYi0lJcagg==}
    engines: {node: '>=10.13.0'}
    peerDependencies:
      '@rspack/core': 0.x || 1.x
    peerDependenciesMeta:
      '@rspack/core':
        optional: true
    dependencies:
      '@rspack/core': 0.6.5(@swc/helpers@0.5.3)
    dev: true

  /ieee754@1.2.1:
    resolution: {integrity: sha512-dcyqhDvX1C46lXZcVqCpK+FtMRQVdIMN6/Df5js2zouUsqG7I6sFxitIC+7KYK29KdXOLHdu9zL4sFnoVQnqaA==}
    requiresBuild: true
    dev: false
    optional: true

  /immediate@3.3.0:
    resolution: {integrity: sha512-HR7EVodfFUdQCTIeySw+WDRFJlPcLOJbXfwwZ7Oom6tjsvZ3bOkCDJHehQC3nxJrv7+f9XecwazynjU8e4Vw3Q==}
    requiresBuild: true
    dev: false
    optional: true

  /inherits@2.0.4:
    resolution: {integrity: sha512-k/vGaX4/Yla3WzyMCvTQOXYeIHvqOKtnqBduzTHpzpQZzAskKMhZ2K+EnBiSM9zGSoIFeMpXKxa4dYeZIQqewQ==}
    requiresBuild: true
    dev: false
    optional: true

  /isomorphic.js@0.2.5:
    resolution: {integrity: sha512-PIeMbHqMt4DnUP3MA/Flc0HElYjMXArsw1qwJZcm9sqR8mq3l8NYizFMty0pWwE/tzIGH3EKK5+jes5mAr85yw==}
    dev: false

  /js-tokens@4.0.0:
    resolution: {integrity: sha512-RdJUflcE3cUzKiMqQgsCu06FPu9UdIJO0beYbPhHN4k6apgJtifcoCtT9bcxOpYBtpD2kCM6Sbzg4CausW/PKQ==}
    dev: false

  /katex@0.15.6:
    resolution: {integrity: sha512-UpzJy4yrnqnhXvRPhjEuLA4lcPn6eRngixW7Q3TJErjg3Aw2PuLFBzTkdUb89UtumxjhHTqL3a5GDGETMSwgJA==}
    hasBin: true
    dependencies:
      commander: 8.3.0
    dev: false

  /level-codec@9.0.2:
    resolution: {integrity: sha512-UyIwNb1lJBChJnGfjmO0OR+ezh2iVu1Kas3nvBS/BzGnx79dv6g7unpKIDNPMhfdTEGoc7mC8uAu51XEtX+FHQ==}
    engines: {node: '>=6'}
    requiresBuild: true
    dependencies:
      buffer: 5.7.1
    dev: false
    optional: true

  /level-concat-iterator@2.0.1:
    resolution: {integrity: sha512-OTKKOqeav2QWcERMJR7IS9CUo1sHnke2C0gkSmcR7QuEtFNLLzHQAvnMw8ykvEcv0Qtkg0p7FOwP1v9e5Smdcw==}
    engines: {node: '>=6'}
    requiresBuild: true
    dev: false
    optional: true

  /level-errors@2.0.1:
    resolution: {integrity: sha512-UVprBJXite4gPS+3VznfgDSU8PTRuVX0NXwoWW50KLxd2yw4Y1t2JUR5In1itQnudZqRMT9DlAM3Q//9NCjCFw==}
    engines: {node: '>=6'}
    requiresBuild: true
    dependencies:
      errno: 0.1.8
    dev: false
    optional: true

  /level-iterator-stream@4.0.2:
    resolution: {integrity: sha512-ZSthfEqzGSOMWoUGhTXdX9jv26d32XJuHz/5YnuHZzH6wldfWMOVwI9TBtKcya4BKTyTt3XVA0A3cF3q5CY30Q==}
    engines: {node: '>=6'}
    requiresBuild: true
    dependencies:
      inherits: 2.0.4
      readable-stream: 3.6.2
      xtend: 4.0.2
    dev: false
    optional: true

  /level-js@5.0.2:
    resolution: {integrity: sha512-SnBIDo2pdO5VXh02ZmtAyPP6/+6YTJg2ibLtl9C34pWvmtMEmRTWpra+qO/hifkUtBTOtfx6S9vLDjBsBK4gRg==}
    requiresBuild: true
    dependencies:
      abstract-leveldown: 6.2.3
      buffer: 5.7.1
      inherits: 2.0.4
      ltgt: 2.2.1
    dev: false
    optional: true

  /level-packager@5.1.1:
    resolution: {integrity: sha512-HMwMaQPlTC1IlcwT3+swhqf/NUO+ZhXVz6TY1zZIIZlIR0YSn8GtAAWmIvKjNY16ZkEg/JcpAuQskxsXqC0yOQ==}
    engines: {node: '>=6'}
    requiresBuild: true
    dependencies:
      encoding-down: 6.3.0
      levelup: 4.4.0
    dev: false
    optional: true

  /level-supports@1.0.1:
    resolution: {integrity: sha512-rXM7GYnW8gsl1vedTJIbzOrRv85c/2uCMpiiCzO2fndd06U/kUXEEU9evYn4zFggBOg36IsBW8LzqIpETwwQzg==}
    engines: {node: '>=6'}
    requiresBuild: true
    dependencies:
      xtend: 4.0.2
    dev: false
    optional: true

  /level@6.0.1:
    resolution: {integrity: sha512-psRSqJZCsC/irNhfHzrVZbmPYXDcEYhA5TVNwr+V92jF44rbf86hqGp8fiT702FyiArScYIlPSBTDUASCVNSpw==}
    engines: {node: '>=8.6.0'}
    requiresBuild: true
    dependencies:
      level-js: 5.0.2
      level-packager: 5.1.1
      leveldown: 5.6.0
    dev: false
    optional: true

  /leveldown@5.6.0:
    resolution: {integrity: sha512-iB8O/7Db9lPaITU1aA2txU/cBEXAt4vWwKQRrrWuS6XDgbP4QZGj9BL2aNbwb002atoQ/lIotJkfyzz+ygQnUQ==}
    engines: {node: '>=8.6.0'}
    requiresBuild: true
    dependencies:
      abstract-leveldown: 6.2.3
      napi-macros: 2.0.0
      node-gyp-build: 4.1.1
    dev: false
    optional: true

  /levelup@4.4.0:
    resolution: {integrity: sha512-94++VFO3qN95cM/d6eBXvd894oJE0w3cInq9USsyQzzoJxmiYzPAocNcuGCPGGjoXqDVJcr3C1jzt1TSjyaiLQ==}
    engines: {node: '>=6'}
    requiresBuild: true
    dependencies:
      deferred-leveldown: 5.3.0
      level-errors: 2.0.1
      level-iterator-stream: 4.0.2
      level-supports: 1.0.1
      xtend: 4.0.2
    dev: false
    optional: true

  /lexical@0.15.0:
    resolution: {integrity: sha512-/7HrPAmtgsc1F+qpv5bFwoQZ6CbH/w3mPPL2AW5P75/QYrqKz4bhvJrc2jozIX0GxtuT/YUYT7w+1sZMtUWbOg==}
    dev: false

  /lib0@0.2.94:
    resolution: {integrity: sha512-hZ3p54jL4Wpu7IOg26uC7dnEWiMyNlUrb9KoG7+xYs45WkQwpVvKFndVq2+pqLYKe1u8Fp3+zAfZHVvTK34PvQ==}
    engines: {node: '>=16'}
    hasBin: true
    dependencies:
      isomorphic.js: 0.2.5
    dev: false

  /lodash-es@4.17.21:
    resolution: {integrity: sha512-mKnC+QJ9pWVzv+C4/U3rRsHapFfHvQFoFB92e52xeyGMcX6/OlIl78je1u8vePzYZSkkogMPJ2yjxxsb89cxyw==}
    dev: false

  /lodash.debounce@4.0.8:
    resolution: {integrity: sha512-FT1yDzDYEoYWhnSGnpE/4Kj1fLZkDFyqRb7fNt6FdYOSxlUWAtp42Eh6Wb0rGIv/m9Bgo7x4GhQbm5Ys4SG5ow==}
    dev: false

  /loose-envify@1.4.0:
    resolution: {integrity: sha512-lyuxPGr/Wfhrlem2CL/UcnUc1zcqKAImBDzukY7Y5F/yQiNdko6+fRLevlw1HgMySw7f611UIY408EtxRSoK3Q==}
    hasBin: true
    dependencies:
      js-tokens: 4.0.0
    dev: false

  /ltgt@2.2.1:
    resolution: {integrity: sha512-AI2r85+4MquTw9ZYqabu4nMwy9Oftlfa/e/52t9IjtfG+mGBbTNdAoZ3RQKLHR6r0wQnwZnPIEh/Ya6XTWAKNA==}
    requiresBuild: true
    dev: false
    optional: true

  /nanoid@3.3.7:
    resolution: {integrity: sha512-eSRppjcPIatRIMC1U6UngP8XFcz8MQWGQdt1MTBQ7NaAmvXDfvNxbvWV3x2y6CdEUciCSsDHDQZbhYaB8QEo2g==}
    engines: {node: ^10 || ^12 || ^13.7 || ^14 || >=15.0.1}
    hasBin: true
    dev: true

  /napi-macros@2.0.0:
    resolution: {integrity: sha512-A0xLykHtARfueITVDernsAWdtIMbOJgKgcluwENp3AlsKN/PloyO10HtmoqnFAQAcxPkgZN7wdfPfEd0zNGxbg==}
    requiresBuild: true
    dev: false
    optional: true

  /node-gyp-build@4.1.1:
    resolution: {integrity: sha512-dSq1xmcPDKPZ2EED2S6zw/b9NKsqzXRE6dVr8TVQnI3FJOTteUMuqF3Qqs6LZg+mLGYJWqQzMbIjMtJqTv87nQ==}
    hasBin: true
    requiresBuild: true
    dev: false
    optional: true

  /picocolors@1.0.1:
    resolution: {integrity: sha512-anP1Z8qwhkbmu7MFP5iTt+wQKXgwzf7zTyGlcdzabySa9vd0Xt392U0rVmz9poOaBj0uHJKyyo9/upk0HrEQew==}
    dev: true

  /postcss@8.4.38:
    resolution: {integrity: sha512-Wglpdk03BSfXkHoQa3b/oulrotAkwrlLDRSOb9D0bN86FdRyE9lppSp33aHNPgBa0JKCoB+drFLZkQoRRYae5A==}
    engines: {node: ^10 || ^12 || >=14}
    dependencies:
      nanoid: 3.3.7
      picocolors: 1.0.1
      source-map-js: 1.2.0
    dev: true

  /prettier@2.8.8:
    resolution: {integrity: sha512-tdN8qQGvNjw4CHbY+XXk0JgCXn9QiF21a55rBe5LJAU+kDyC4WQn4+awm2Xfk2lQMk5fKup9XgzTZtGkjBdP9Q==}
    engines: {node: '>=10.13.0'}
    hasBin: true
    dev: false

  /prismjs@1.29.0:
    resolution: {integrity: sha512-Kx/1w86q/epKcmte75LNrEoT+lX8pBpavuAbvJWRXar7Hz8jrtF+e3vY751p0R8H9HdArwaCTNDDzHg/ScJK1Q==}
    engines: {node: '>=6'}
    dev: false

  /prr@1.0.1:
    resolution: {integrity: sha512-yPw4Sng1gWghHQWj0B3ZggWUm4qVbPwPFcRG8KyxiU7J2OHFSoEHKS+EZ3fv5l1t9CyCiop6l/ZYeWbrgoQejw==}
    requiresBuild: true
    dev: false
    optional: true

  /react-dom@18.3.1(react@18.3.1):
    resolution: {integrity: sha512-5m4nQKp+rZRb09LNH59GM4BxTh9251/ylbKIbpe7TpGxfJ+9kv6BLkLBXIjjspbgbnIBNqlI23tRnTWT0snUIw==}
    peerDependencies:
      react: ^18.3.1
    dependencies:
      loose-envify: 1.4.0
      react: 18.3.1
      scheduler: 0.23.2
    dev: false

  /react-error-boundary@3.1.4(react@18.3.1):
    resolution: {integrity: sha512-uM9uPzZJTF6wRQORmSrvOIgt4lJ9MC1sNgEOj2XGsDTRE4kmpWxg7ENK9EWNKJRMAOY9z0MuF4yIfl6gp4sotA==}
    engines: {node: '>=10', npm: '>=6'}
    peerDependencies:
      react: '>=16.13.1'
    dependencies:
      '@babel/runtime': 7.24.5
      react: 18.3.1
    dev: false

  /react-refresh@0.14.2:
    resolution: {integrity: sha512-jCvmsr+1IUSMUyzOkRcvnVbX3ZYC6g9TDrDbFuFmRDq7PD4yaGbLKNQL6k2jnArV8hjYxh7hVhAZB6s9HDGpZA==}
    engines: {node: '>=0.10.0'}
    dev: true

  /react@18.3.1:
    resolution: {integrity: sha512-wS+hAgJShR0KhEvPJArfuPVN1+Hz1t0Y6n5jLrGQbkb4urgPE/0Rve+1kMB1v/oWgHgm4WIcV+i7F2pTVj+2iQ==}
    engines: {node: '>=0.10.0'}
    dependencies:
      loose-envify: 1.4.0
    dev: false

  /readable-stream@3.6.2:
    resolution: {integrity: sha512-9u/sniCrY3D5WdsERHzHE4G2YCXqoG5FTHUiCC4SIbr6XcLZBY05ya9EKjYek9O5xOAwjGq+1JdGBAS7Q9ScoA==}
    engines: {node: '>= 6'}
    requiresBuild: true
    dependencies:
      inherits: 2.0.4
      string_decoder: 1.3.0
      util-deprecate: 1.0.2
    dev: false
    optional: true

  /regenerator-runtime@0.14.1:
    resolution: {integrity: sha512-dYnhHh0nJoMfnkZs6GmmhFknAGRrLznOu5nc9ML+EJxGvrx6H7teuevqVqCuPcPK//3eDrrjQhehXVx9cnkGdw==}
    dev: false

  /safe-buffer@5.2.1:
    resolution: {integrity: sha512-rp3So07KcdmmKbGvgaNxQSJr7bGVSVk5S9Eq1F+ppbRo70+YeaDxkw5Dd8NPN+GD6bjnYm2VuPuCXmpuYvmCXQ==}
    requiresBuild: true
    dev: false
    optional: true

  /scheduler@0.23.2:
    resolution: {integrity: sha512-UOShsPwz7NrMUqhR6t0hWjFduvOzbtv7toDH1/hIrfRNIDBnnBWd0CwJTGvTpngVlmwGCdP9/Zl/tVrDqcuYzQ==}
    dependencies:
      loose-envify: 1.4.0
    dev: false

  /source-map-js@1.2.0:
    resolution: {integrity: sha512-itJW8lvSA0TXEphiRoawsCksnlf8SyvmFzIhltqAHluXd88pkCd+cXJVHTDwdCr0IzwptSm035IHQktUu1QUMg==}
    engines: {node: '>=0.10.0'}
    dev: true

  /string_decoder@1.3.0:
    resolution: {integrity: sha512-hkRX8U1WjJFd8LsDJ2yQ/wWWxaopEsABU1XfkM8A+j0+85JAGppt16cr1Whg6KIbb4okU6Mql6BOj+uup/wKeA==}
    requiresBuild: true
    dependencies:
      safe-buffer: 5.2.1
    dev: false
    optional: true

  /tapable@2.2.1:
    resolution: {integrity: sha512-GNzQvQTOIP6RyTfE2Qxb8ZVlNmw0n88vp1szwWRimP02mnTsx3Wtn5qRdqY9w2XduFNUgvOwhNnQsjwCp+kqaQ==}
    engines: {node: '>=6'}
    dev: true

  /tslib@2.6.2:
    resolution: {integrity: sha512-AEYxH93jGFPn/a2iVAwW87VuUIkR1FVUKB77NwMF7nBTDkDrrT/Hpt/IrCJ0QXhW27jTBDcf5ZY7w6RiqTMw2Q==}
    dev: true

  /typescript@5.4.5:
    resolution: {integrity: sha512-vcI4UpRgg81oIRUFwR0WSIHKt11nJ7SAVlYNIu+QpqeyXP+gpQJy/Z4+F0aGxSE4MqwjyXvW/TzgkLAx2AGHwQ==}
    engines: {node: '>=14.17'}
    hasBin: true
    dev: true

  /util-deprecate@1.0.2:
    resolution: {integrity: sha512-EPD5q1uXyFxJpCrLnCc1nHnq3gOa6DZBocAIiI2TaSCA7VCJ1UJDMagCzIkXNsUYfD1daK//LTEQ8xiIbrHtcw==}
    requiresBuild: true
    dev: false
    optional: true

  /webpack-sources@3.2.3:
    resolution: {integrity: sha512-/DyMEOrDgLKKIG0fmvtz+4dUX/3Ghozwgm6iPp8KRhvn+eQf9+Q7GWxVNMk3+uCPWfdXYC4ExGBckIXdFEfH1w==}
    engines: {node: '>=10.13.0'}
    dev: true

  /ws@6.2.2:
    resolution: {integrity: sha512-zmhltoSR8u1cnDsD43TX59mzoMZsLKqUweyYBAIvTngR3shc0W6aOZylZmq/7hqyVxPdi+5Ud2QInblgyE72fw==}
    requiresBuild: true
    peerDependencies:
      bufferutil: ^4.0.1
      utf-8-validate: ^5.0.2
    peerDependenciesMeta:
      bufferutil:
        optional: true
      utf-8-validate:
        optional: true
    dependencies:
      async-limiter: 1.0.1
    dev: false
    optional: true

  /xtend@4.0.2:
    resolution: {integrity: sha512-LKYU1iAXJXUgAXn9URjiu+MWhyUXHsvfp7mcuYm9dSUKK0/CjtrUwFAxD82/mCWbtLsGjFIad0wIsod4zrTAEQ==}
    engines: {node: '>=0.4'}
    requiresBuild: true
    dev: false
    optional: true

  /y-leveldb@0.1.2(yjs@13.6.15):
    resolution: {integrity: sha512-6ulEn5AXfXJYi89rXPEg2mMHAyyw8+ZfeMMdOtBbV8FJpQ1NOrcgi6DTAcXof0dap84NjHPT2+9d0rb6cFsjEg==}
    requiresBuild: true
    peerDependencies:
      yjs: ^13.0.0
    dependencies:
      level: 6.0.1
      lib0: 0.2.94
      yjs: 13.6.15
    dev: false
    optional: true

  /y-protocols@1.0.6(yjs@13.6.15):
    resolution: {integrity: sha512-vHRF2L6iT3rwj1jub/K5tYcTT/mEYDUppgNPXwp8fmLpui9f7Yeq3OEtTLVF012j39QnV+KEQpNqoN7CWU7Y9Q==}
    engines: {node: '>=16.0.0', npm: '>=8.0.0'}
    peerDependencies:
      yjs: ^13.0.0
    dependencies:
      lib0: 0.2.94
      yjs: 13.6.15
    dev: false

  /y-websocket@1.5.4(yjs@13.6.15):
    resolution: {integrity: sha512-Y3021uy0anOIHqAPyAZbNDoR05JuMEGjRNI8c+K9MHzVS8dWoImdJUjccljAznc8H2L7WkIXhRHZ1igWNRSgPw==}
    engines: {node: '>=16.0.0', npm: '>=8.0.0'}
    hasBin: true
    peerDependencies:
      yjs: ^13.5.6
    dependencies:
      lib0: 0.2.94
      lodash.debounce: 4.0.8
      y-protocols: 1.0.6(yjs@13.6.15)
      yjs: 13.6.15
    optionalDependencies:
      ws: 6.2.2
      y-leveldb: 0.1.2(yjs@13.6.15)
    transitivePeerDependencies:
      - bufferutil
      - utf-8-validate
    dev: false

  /yjs@13.6.15:
    resolution: {integrity: sha512-moFv4uNYhp8BFxIk3AkpoAnnjts7gwdpiG8RtyFiKbMtxKCS0zVZ5wPaaGpwC3V2N/K8TK8MwtSI3+WO9CHWjQ==}
    engines: {node: '>=16.0.0', npm: '>=8.0.0'}
    dependencies:
      lib0: 0.2.94
    dev: false
