lockfileVersion: '6.0'

settings:
  autoInstallPeers: true
  excludeLinksFromLockfile: false

dependencies:
  react:
    specifier: ^18.3.1
    version: 18.3.1
  react-dom:
    specifier: ^18.3.1
    version: 18.3.1(react@18.3.1)

devDependencies:
  '@biomejs/biome':
    specifier: 1.7.3
    version: 1.7.3
  '@rsbuild/core':
    specifier: ^0.6.15
    version: 0.6.15
  '@rsbuild/plugin-react':
    specifier: ^0.6.15
    version: 0.6.15(@rsbuild/core@0.6.15)
  '@types/react':
    specifier: ^18.3.2
    version: 18.3.2
  '@types/react-dom':
    specifier: ^18.3.0
    version: 18.3.0
  typescript:
    specifier: ^5.4.2
    version: 5.4.5

packages:

  /@biomejs/biome@1.7.3:
    resolution: {integrity: sha512-ogFQI+fpXftr+tiahA6bIXwZ7CSikygASdqMtH07J2cUzrpjyTMVc9Y97v23c7/tL1xCZhM+W9k4hYIBm7Q6cQ==}
    engines: {node: '>=14.21.3'}
    hasBin: true
    requiresBuild: true
    optionalDependencies:
      '@biomejs/cli-darwin-arm64': 1.7.3
      '@biomejs/cli-darwin-x64': 1.7.3
      '@biomejs/cli-linux-arm64': 1.7.3
      '@biomejs/cli-linux-arm64-musl': 1.7.3
      '@biomejs/cli-linux-x64': 1.7.3
      '@biomejs/cli-linux-x64-musl': 1.7.3
      '@biomejs/cli-win32-arm64': 1.7.3
      '@biomejs/cli-win32-x64': 1.7.3
    dev: true

  /@biomejs/cli-darwin-arm64@1.7.3:
    resolution: {integrity: sha512-eDvLQWmGRqrPIRY7AIrkPHkQ3visEItJKkPYSHCscSDdGvKzYjmBJwG1Gu8+QC5ed6R7eiU63LEC0APFBobmfQ==}
    engines: {node: '>=14.21.3'}
    cpu: [arm64]
    os: [darwin]
    requiresBuild: true
    dev: true
    optional: true

  /@biomejs/cli-darwin-x64@1.7.3:
    resolution: {integrity: sha512-JXCaIseKRER7dIURsVlAJacnm8SG5I0RpxZ4ya3dudASYUc68WGl4+FEN03ABY3KMIq7hcK1tzsJiWlmXyosZg==}
    engines: {node: '>=14.21.3'}
    cpu: [x64]
    os: [darwin]
    requiresBuild: true
    dev: true
    optional: true

  /@biomejs/cli-linux-arm64-musl@1.7.3:
    resolution: {integrity: sha512-c8AlO45PNFZ1BYcwaKzdt46kYbuP6xPGuGQ6h4j3XiEDpyseRRUy/h+6gxj07XovmyxKnSX9GSZ6nVbZvcVUAw==}
    engines: {node: '>=14.21.3'}
    cpu: [arm64]
    os: [linux]
    requiresBuild: true
    dev: true
    optional: true

  /@biomejs/cli-linux-arm64@1.7.3:
    resolution: {integrity: sha512-phNTBpo7joDFastnmZsFjYcDYobLTx4qR4oPvc9tJ486Bd1SfEVPHEvJdNJrMwUQK56T+TRClOQd/8X1nnjA9w==}
    engines: {node: '>=14.21.3'}
    cpu: [arm64]
    os: [linux]
    requiresBuild: true
    dev: true
    optional: true

  /@biomejs/cli-linux-x64-musl@1.7.3:
    resolution: {integrity: sha512-UdEHKtYGWEX3eDmVWvQeT+z05T9/Sdt2+F/7zmMOFQ7boANeX8pcO6EkJPK3wxMudrApsNEKT26rzqK6sZRTRA==}
    engines: {node: '>=14.21.3'}
    cpu: [x64]
    os: [linux]
    requiresBuild: true
    dev: true
    optional: true

  /@biomejs/cli-linux-x64@1.7.3:
    resolution: {integrity: sha512-vnedYcd5p4keT3iD48oSKjOIRPYcjSNNbd8MO1bKo9ajg3GwQXZLAH+0Cvlr+eMsO67/HddWmscSQwTFrC/uPA==}
    engines: {node: '>=14.21.3'}
    cpu: [x64]
    os: [linux]
    requiresBuild: true
    dev: true
    optional: true

  /@biomejs/cli-win32-arm64@1.7.3:
    resolution: {integrity: sha512-unNCDqUKjujYkkSxs7gFIfdasttbDC4+z0kYmcqzRk6yWVoQBL4dNLcCbdnJS+qvVDNdI9rHp2NwpQ0WAdla4Q==}
    engines: {node: '>=14.21.3'}
    cpu: [arm64]
    os: [win32]
    requiresBuild: true
    dev: true
    optional: true

  /@biomejs/cli-win32-x64@1.7.3:
    resolution: {integrity: sha512-ZmByhbrnmz/UUFYB622CECwhKIPjJLLPr5zr3edhu04LzbfcOrz16VYeNq5dpO1ADG70FORhAJkaIGdaVBG00w==}
    engines: {node: '>=14.21.3'}
    cpu: [x64]
    os: [win32]
    requiresBuild: true
    dev: true
    optional: true

  /@module-federation/runtime-tools@0.1.6:
    resolution: {integrity: sha512-7ILVnzMIa0Dlc0Blck5tVZG1tnk1MmLnuZpLOMpbdW+zl+N6wdMjjHMjEZFCUAJh2E5XJ3BREwfX8Ets0nIkLg==}
    dependencies:
      '@module-federation/runtime': 0.1.6
      '@module-federation/webpack-bundler-runtime': 0.1.6
    dev: true

  /@module-federation/runtime@0.1.6:
    resolution: {integrity: sha512-nj6a+yJ+QxmcE89qmrTl4lphBIoAds0PFPVGnqLRWflwAP88jrCcrrTqRhARegkFDL+wE9AE04+h6jzlbIfMKg==}
    dependencies:
      '@module-federation/sdk': 0.1.6
    dev: true

  /@module-federation/sdk@0.1.6:
    resolution: {integrity: sha512-qifXpyYLM7abUeEOIfv0oTkguZgRZuwh89YOAYIZJlkP6QbRG7DJMQvtM8X2yHXm9PTk0IYNnOJH0vNQCo6auQ==}
    dev: true

  /@module-federation/webpack-bundler-runtime@0.1.6:
    resolution: {integrity: sha512-K5WhKZ4RVNaMEtfHsd/9CNCgGKB0ipbm/tgweNNeC11mEuBTNxJ09Y630vg3WPkKv9vfMCuXg2p2Dk+Q/KWTSA==}
    dependencies:
      '@module-federation/runtime': 0.1.6
      '@module-federation/sdk': 0.1.6
    dev: true

  /@rsbuild/core@0.6.15:
    resolution: {integrity: sha512-wT9gyfRHyXJamR6fvlWzOpWGmI+2w+LMNIvAItY6AjCIT1zgfK0OOkChR4KGTTOWj68b/t0BnuBy1b2PV3DLyw==}
    engines: {node: '>=16.0.0'}
    hasBin: true
    dependencies:
      '@rsbuild/shared': 0.6.15(@swc/helpers@0.5.3)
      '@rspack/core': 0.6.5(@swc/helpers@0.5.3)
      '@swc/helpers': 0.5.3
      core-js: 3.36.1
      html-webpack-plugin: /html-rspack-plugin@5.7.2(@rspack/core@0.6.5)
      postcss: 8.4.38
    dev: true

  /@rsbuild/plugin-react@0.6.15(@rsbuild/core@0.6.15):
    resolution: {integrity: sha512-ZLFF5qYgQPKbJ5IL85XayadryxnHoaLUUjd2ewf/d/TRUh2NiWyZGaNzRytbmhaxI0WW8RUkZdy5aX3xyiZbTA==}
    peerDependencies:
      '@rsbuild/core': ^0.6.15
    dependencies:
      '@rsbuild/core': 0.6.15
      '@rsbuild/shared': 0.6.15(@swc/helpers@0.5.3)
      '@rspack/plugin-react-refresh': 0.6.5(react-refresh@0.14.2)
      react-refresh: 0.14.2
    transitivePeerDependencies:
      - '@swc/helpers'
    dev: true

  /@rsbuild/shared@0.6.15(@swc/helpers@0.5.3):
    resolution: {integrity: sha512-siBYUQL3qVINLDkIBaxx4caNb+zZ+Jb8WtN2RgRT5buLW+PU5fXUs5vGwjFz6B6wCxO/vLr78X/FjaCmxMv8HA==}
    dependencies:
      '@rspack/core': 0.6.5(@swc/helpers@0.5.3)
      caniuse-lite: 1.0.30001621
      postcss: 8.4.38
    optionalDependencies:
      fsevents: 2.3.3
    transitivePeerDependencies:
      - '@swc/helpers'
    dev: true

  /@rspack/binding-darwin-arm64@0.6.5:
    resolution: {integrity: sha512-5Zbs3buzF80MZoWnnpm/ZqQ2ZLKWjmmy94gDMeJhG39lKcpK2J2NyDXVis2ZSg7uUvKyJ662BEgIE1AnTWjnYg==}
    cpu: [arm64]
    os: [darwin]
    requiresBuild: true
    dev: true
    optional: true

  /@rspack/binding-darwin-x64@0.6.5:
    resolution: {integrity: sha512-oA1R0OF8r7y8+oLynnZC9EgysLoOBuu1yYG90gHmrkdzRjjmYe4auNhuSLLqF+WOqXw/zGSujiUbnVMjLEWIBg==}
    cpu: [x64]
    os: [darwin]
    requiresBuild: true
    dev: true
    optional: true

  /@rspack/binding-linux-arm64-gnu@0.6.5:
    resolution: {integrity: sha512-xK2Ji9yCJSZE5HSRBS7R67HPahYd0WR16NefycrkmIEDR28B2T5CnvbqyNivnu7Coy1haHWisgfTV/NbjLd5fA==}
    cpu: [arm64]
    os: [linux]
    requiresBuild: true
    dev: true
    optional: true

  /@rspack/binding-linux-arm64-musl@0.6.5:
    resolution: {integrity: sha512-nPDUf6TkzJWxqi6gQQz+Ypd2BPDiufh0gd0yFExIZyguE93amVbzJEfKeCQdvHZL5W/9XaYJoDKSOuCwMdLhiQ==}
    cpu: [arm64]
    os: [linux]
    requiresBuild: true
    dev: true
    optional: true

  /@rspack/binding-linux-x64-gnu@0.6.5:
    resolution: {integrity: sha512-KT4GBPra7ge5oHSblfM74oRgW10MKdKhyJGEKFWqRezzul8i9SHElFzcE/w6qoOOLMgYPoVc/nybRqsJp9koZg==}
    cpu: [x64]
    os: [linux]
    requiresBuild: true
    dev: true
    optional: true

  /@rspack/binding-linux-x64-musl@0.6.5:
    resolution: {integrity: sha512-VnIzpFjzT4vkfUKPqyH4BiHJ6AMqtoeu7tychga2HpSudqCG8no4eIH2qRs9anGeuRkwb9x3uBC/1AIIiWSMsQ==}
    cpu: [x64]
    os: [linux]
    requiresBuild: true
    dev: true
    optional: true

  /@rspack/binding-win32-arm64-msvc@0.6.5:
    resolution: {integrity: sha512-V44hlcK7htG1pA/fHCc1XDGmItu7v8qQObssl/yGAn4+ZlvP6/pxPy8y5ZVwnR3NXTRzPezMvbnKGb4GxBphlw==}
    cpu: [arm64]
    os: [win32]
    requiresBuild: true
    dev: true
    optional: true

  /@rspack/binding-win32-ia32-msvc@0.6.5:
    resolution: {integrity: sha512-M4xrJDx5EcAtZ02R9Y4yJB5KVCUdQIbAF/1gDGrXZ5PQUujaNzsIdISUvNfxpfkqe0Shj6SKOTqWm8yte3ecrQ==}
    cpu: [ia32]
    os: [win32]
    requiresBuild: true
    dev: true
    optional: true

  /@rspack/binding-win32-x64-msvc@0.6.5:
    resolution: {integrity: sha512-aFcBygJsClx0FozVo7zMp9OUte7MlgyBpQGnS2MZgd0kSnuZTyaUcdRiWKehP5lrPPij/ZWNJbiz5O6VNzpg3w==}
    cpu: [x64]
    os: [win32]
    requiresBuild: true
    dev: true
    optional: true

  /@rspack/binding@0.6.5:
    resolution: {integrity: sha512-uHg6BYS9Uvs5Nxm0StpRX1eqx3I1SEPFhkCfh+HSbFS8ty11mKHjUZn1lYFxLBFypJ3DHtlTM3RZ4g7tmwohAQ==}
    optionalDependencies:
      '@rspack/binding-darwin-arm64': 0.6.5
      '@rspack/binding-darwin-x64': 0.6.5
      '@rspack/binding-linux-arm64-gnu': 0.6.5
      '@rspack/binding-linux-arm64-musl': 0.6.5
      '@rspack/binding-linux-x64-gnu': 0.6.5
      '@rspack/binding-linux-x64-musl': 0.6.5
      '@rspack/binding-win32-arm64-msvc': 0.6.5
      '@rspack/binding-win32-ia32-msvc': 0.6.5
      '@rspack/binding-win32-x64-msvc': 0.6.5
    dev: true

  /@rspack/core@0.6.5(@swc/helpers@0.5.3):
    resolution: {integrity: sha512-jm0YKUZQCetccdufBfpkfSHE7BOlirrn0UmXv9C+69g8ikl9Jf4Jfr31meDWX5Z3vwZlpdryA7fUH2cblUXoBw==}
    engines: {node: '>=16.0.0'}
    peerDependencies:
      '@swc/helpers': '>=0.5.1'
    peerDependenciesMeta:
      '@swc/helpers':
        optional: true
    dependencies:
      '@module-federation/runtime-tools': 0.1.6
      '@rspack/binding': 0.6.5
      '@swc/helpers': 0.5.3
      caniuse-lite: 1.0.30001621
      enhanced-resolve: 5.12.0
      tapable: 2.2.1
      webpack-sources: 3.2.3
    dev: true

  /@rspack/plugin-react-refresh@0.6.5(react-refresh@0.14.2):
    resolution: {integrity: sha512-H7V54qtdJvBQXSL209ep3cNoeDk8Ljid7+AGeJIXj5nu3ZIF4TYYDFeiyZtn7xCIgeyiYscuQZ0DKb/qXFYqog==}
    peerDependencies:
      react-refresh: '>=0.10.0 <1.0.0'
    peerDependenciesMeta:
      react-refresh:
        optional: true
    dependencies:
      react-refresh: 0.14.2
    dev: true

  /@swc/helpers@0.5.3:
    resolution: {integrity: sha512-FaruWX6KdudYloq1AHD/4nU+UsMTdNE8CKyrseXWEcgjDAbvkwJg2QGPAnfIJLIWsjZOSPLOAykK6fuYp4vp4A==}
    dependencies:
      tslib: 2.6.2
    dev: true

  /@types/prop-types@15.7.12:
    resolution: {integrity: sha512-5zvhXYtRNRluoE/jAp4GVsSduVUzNWKkOZrCDBWYtE7biZywwdC2AcEzg+cSMLFRfVgeAFqpfNabiPjxFddV1Q==}
    dev: true

  /@types/react-dom@18.3.0:
    resolution: {integrity: sha512-EhwApuTmMBmXuFOikhQLIBUn6uFg81SwLMOAUgodJF14SOBOCMdU04gDoYi0WOJJHD144TL32z4yDqCW3dnkQg==}
    dependencies:
      '@types/react': 18.3.2
    dev: true

  /@types/react@18.3.2:
    resolution: {integrity: sha512-Btgg89dAnqD4vV7R3hlwOxgqobUQKgx3MmrQRi0yYbs/P0ym8XozIAlkqVilPqHQwXs4e9Tf63rrCgl58BcO4w==}
    dependencies:
      '@types/prop-types': 15.7.12
      csstype: 3.1.3
    dev: true

  /caniuse-lite@1.0.30001621:
    resolution: {integrity: sha512-+NLXZiviFFKX0fk8Piwv3PfLPGtRqJeq2TiNoUff/qB5KJgwecJTvCXDpmlyP/eCI/GUEmp/h/y5j0yckiiZrA==}
    dev: true

  /core-js@3.36.1:
    resolution: {integrity: sha512-BTvUrwxVBezj5SZ3f10ImnX2oRByMxql3EimVqMysepbC9EeMUOpLwdy6Eoili2x6E4kf+ZUB5k/+Jv55alPfA==}
    requiresBuild: true
    dev: true

  /csstype@3.1.3:
    resolution: {integrity: sha512-M1uQkMl8rQK/szD0LNhtqxIPLpimGm8sOBwU7lLnCpSbTyY3yeU1Vc7l4KT5zT4s/yOxHH5O7tIuuLOCnLADRw==}
    dev: true

  /enhanced-resolve@5.12.0:
    resolution: {integrity: sha512-QHTXI/sZQmko1cbDoNAa3mJ5qhWUUNAq3vR0/YiD379fWQrcfuoX1+HW2S0MTt7XmoPLapdaDKUtelUSPic7hQ==}
    engines: {node: '>=10.13.0'}
    dependencies:
      graceful-fs: 4.2.11
      tapable: 2.2.1
    dev: true

  /fsevents@2.3.3:
    resolution: {integrity: sha512-5xoDfX+fL7faATnagmWPpbFtwh/R77WmMMqqHGS65C3vvB0YHrgF+B1YmZ3441tMj5n63k0212XNoJwzlhffQw==}
    engines: {node: ^8.16.0 || ^10.6.0 || >=11.0.0}
    os: [darwin]
    requiresBuild: true
    dev: true
    optional: true

  /graceful-fs@4.2.11:
    resolution: {integrity: sha512-RbJ5/jmFcNNCcDV5o9eTnBLJ/HszWV0P73bc+Ff4nS/rJj+YaS6IGyiOL0VoBYX+l1Wrl3k63h/KrH+nhJ0XvQ==}
    dev: true

  /html-rspack-plugin@5.7.2(@rspack/core@0.6.5):
    resolution: {integrity: sha512-uVXGYq19bcsX7Q/53VqXQjCKXw0eUMHlFGDLTaqzgj/ckverfhZQvXyA6ecFBaF9XUH16jfCTCyALYi0lJcagg==}
    engines: {node: '>=10.13.0'}
    peerDependencies:
      '@rspack/core': 0.x || 1.x
    peerDependenciesMeta:
      '@rspack/core':
        optional: true
    dependencies:
      '@rspack/core': 0.6.5(@swc/helpers@0.5.3)
    dev: true

  /js-tokens@4.0.0:
    resolution: {integrity: sha512-RdJUflcE3cUzKiMqQgsCu06FPu9UdIJO0beYbPhHN4k6apgJtifcoCtT9bcxOpYBtpD2kCM6Sbzg4CausW/PKQ==}
    dev: false

  /loose-envify@1.4.0:
    resolution: {integrity: sha512-lyuxPGr/Wfhrlem2CL/UcnUc1zcqKAImBDzukY7Y5F/yQiNdko6+fRLevlw1HgMySw7f611UIY408EtxRSoK3Q==}
    hasBin: true
    dependencies:
      js-tokens: 4.0.0
    dev: false

  /nanoid@3.3.7:
    resolution: {integrity: sha512-eSRppjcPIatRIMC1U6UngP8XFcz8MQWGQdt1MTBQ7NaAmvXDfvNxbvWV3x2y6CdEUciCSsDHDQZbhYaB8QEo2g==}
    engines: {node: ^10 || ^12 || ^13.7 || ^14 || >=15.0.1}
    hasBin: true
    dev: true

  /picocolors@1.0.1:
    resolution: {integrity: sha512-anP1Z8qwhkbmu7MFP5iTt+wQKXgwzf7zTyGlcdzabySa9vd0Xt392U0rVmz9poOaBj0uHJKyyo9/upk0HrEQew==}
    dev: true

  /postcss@8.4.38:
    resolution: {integrity: sha512-Wglpdk03BSfXkHoQa3b/oulrotAkwrlLDRSOb9D0bN86FdRyE9lppSp33aHNPgBa0JKCoB+drFLZkQoRRYae5A==}
    engines: {node: ^10 || ^12 || >=14}
    dependencies:
      nanoid: 3.3.7
      picocolors: 1.0.1
      source-map-js: 1.2.0
    dev: true

  /react-dom@18.3.1(react@18.3.1):
    resolution: {integrity: sha512-5m4nQKp+rZRb09LNH59GM4BxTh9251/ylbKIbpe7TpGxfJ+9kv6BLkLBXIjjspbgbnIBNqlI23tRnTWT0snUIw==}
    peerDependencies:
      react: ^18.3.1
    dependencies:
      loose-envify: 1.4.0
      react: 18.3.1
      scheduler: 0.23.2
    dev: false

  /react-refresh@0.14.2:
    resolution: {integrity: sha512-jCvmsr+1IUSMUyzOkRcvnVbX3ZYC6g9TDrDbFuFmRDq7PD4yaGbLKNQL6k2jnArV8hjYxh7hVhAZB6s9HDGpZA==}
    engines: {node: '>=0.10.0'}
    dev: true

  /react@18.3.1:
    resolution: {integrity: sha512-wS+hAgJShR0KhEvPJArfuPVN1+Hz1t0Y6n5jLrGQbkb4urgPE/0Rve+1kMB1v/oWgHgm4WIcV+i7F2pTVj+2iQ==}
    engines: {node: '>=0.10.0'}
    dependencies:
      loose-envify: 1.4.0
    dev: false

  /scheduler@0.23.2:
    resolution: {integrity: sha512-UOShsPwz7NrMUqhR6t0hWjFduvOzbtv7toDH1/hIrfRNIDBnnBWd0CwJTGvTpngVlmwGCdP9/Zl/tVrDqcuYzQ==}
    dependencies:
      loose-envify: 1.4.0
    dev: false

  /source-map-js@1.2.0:
    resolution: {integrity: sha512-itJW8lvSA0TXEphiRoawsCksnlf8SyvmFzIhltqAHluXd88pkCd+cXJVHTDwdCr0IzwptSm035IHQktUu1QUMg==}
    engines: {node: '>=0.10.0'}
    dev: true

  /tapable@2.2.1:
    resolution: {integrity: sha512-GNzQvQTOIP6RyTfE2Qxb8ZVlNmw0n88vp1szwWRimP02mnTsx3Wtn5qRdqY9w2XduFNUgvOwhNnQsjwCp+kqaQ==}
    engines: {node: '>=6'}
    dev: true

  /tslib@2.6.2:
    resolution: {integrity: sha512-AEYxH93jGFPn/a2iVAwW87VuUIkR1FVUKB77NwMF7nBTDkDrrT/Hpt/IrCJ0QXhW27jTBDcf5ZY7w6RiqTMw2Q==}
    dev: true

  /typescript@5.4.5:
    resolution: {integrity: sha512-vcI4UpRgg81oIRUFwR0WSIHKt11nJ7SAVlYNIu+QpqeyXP+gpQJy/Z4+F0aGxSE4MqwjyXvW/TzgkLAx2AGHwQ==}
    engines: {node: '>=14.17'}
    hasBin: true
    dev: true

  /webpack-sources@3.2.3:
    resolution: {integrity: sha512-/DyMEOrDgLKKIG0fmvtz+4dUX/3Ghozwgm6iPp8KRhvn+eQf9+Q7GWxVNMk3+uCPWfdXYC4ExGBckIXdFEfH1w==}
    engines: {node: '>=10.13.0'}
    dev: true
